
Microsoft Visual Studio Solution File, Format Version 12.00
# Visual Studio Version 17
VisualStudioVersion = 17.4.33213.308
MinimumVisualStudioVersion = 10.0.40219.1
Project("{FAE04EC0-301F-11D3-BF4B-00C04F79EFBC}") = "Web_AS_3", "Web_AS_3\Web_AS_3.csproj", "{FC834372-4AFE-4165-8EEC-FBEF9767644E}"
EndProject
Global
	GlobalSection(SolutionConfigurationPlatforms) = preSolution
		Debug|Any CPU = Debug|Any CPU
		Release|Any CPU = Release|Any CPU
	EndGlobalSection
	GlobalSection(ProjectConfigurationPlatforms) = postSolution
		{FC834372-4AFE-4165-8EEC-FBEF9767644E}.Debug|Any CPU.ActiveCfg = Debug|Any CPU
		{FC834372-4AFE-4165-8EEC-FBEF9767644E}.Debug|Any CPU.Build.0 = Debug|Any CPU
		{FC834372-4AFE-4165-8EEC-FBEF9767644E}.Release|Any CPU.ActiveCfg = Release|Any CPU
		{FC834372-4AFE-4165-8EEC-FBEF9767644E}.Release|Any CPU.Build.0 = Release|Any CPU
	EndGlobalSection
	GlobalSection(SolutionProperties) = preSolution
		HideSolutionNode = FALSE
	EndGlobalSection
	GlobalSection(ExtensibilityGlobals) = postSolution
		SolutionGuid = {AFFB926C-8658-4DFE-8231-30C7496BE8E6}
	EndGlobalSection
EndGlobal
